
Microsoft Visual Studio Solution File, Format Version 12.00
# Visual Studio Version 18
VisualStudioVersion = 18.0.11205.157 d18.0
MinimumVisualStudioVersion = 10.0.40219.1
Project("{2150E333-8FDC-42A3-9474-1A3956D46DE8}") = "Accounts", "Accounts", "{FB692A27-3035-4AD9-B667-DD62D5D998B1}"
EndProject
Project("{9A19103F-16F7-4668-BE54-9A1E7A4F7556}") = "MoneyTracker.Accounts.Domain", "Accounts\MoneyTracker.Accounts.Domain\MoneyTracker.Accounts.Domain.csproj", "{22B8F6BE-FB32-45A5-9A84-B8E218886509}"
EndProject
Project("{2150E333-8FDC-42A3-9474-1A3956D46DE8}") = "Tests", "Tests", "{B384B289-5A3B-4169-8971-7713496CF603}"
EndProject
Project("{9A19103F-16F7-4668-BE54-9A1E7A4F7556}") = "SharedKernel", "SharedKernel\src\SharedKernel\SharedKernel.csproj", "{ACAACC0B-1911-4850-8E8E-6018CB1212D5}"
EndProject
Project("{9A19103F-16F7-4668-BE54-9A1E7A4F7556}") = "MoneyTracker.Accounts.Tests.UnitTests", "Accounts\Tests\MoneyTracker.Accounts.Tests.UnitTests\MoneyTracker.Accounts.Tests.UnitTests.csproj", "{D1BE6398-04D9-4E75-9AC3-01EE92E7685A}"
EndProject
Project("{FAE04EC0-301F-11D3-BF4B-00C04F79EFBC}") = "MoneyTracker.Accounts.Infrastructure", "Accounts\MoneyTracker.Accounts.Infrastructure\MoneyTracker.Accounts.Infrastructure.csproj", "{62A71074-6442-459F-A702-889558BC5EDF}"
EndProject
Project("{FAE04EC0-301F-11D3-BF4B-00C04F79EFBC}") = "MoneyTracker.Accounts.Application", "Accounts\MoneyTracker.Accounts.Application\MoneyTracker.Accounts.Application.csproj", "{54192342-03BC-497C-9304-8B734036412E}"
EndProject
Global
	GlobalSection(SolutionConfigurationPlatforms) = preSolution
		Debug|Any CPU = Debug|Any CPU
		Release|Any CPU = Release|Any CPU
	EndGlobalSection
	GlobalSection(ProjectConfigurationPlatforms) = postSolution
		{22B8F6BE-FB32-45A5-9A84-B8E218886509}.Debug|Any CPU.ActiveCfg = Debug|Any CPU
		{22B8F6BE-FB32-45A5-9A84-B8E218886509}.Debug|Any CPU.Build.0 = Debug|Any CPU
		{22B8F6BE-FB32-45A5-9A84-B8E218886509}.Release|Any CPU.ActiveCfg = Release|Any CPU
		{22B8F6BE-FB32-45A5-9A84-B8E218886509}.Release|Any CPU.Build.0 = Release|Any CPU
		{ACAACC0B-1911-4850-8E8E-6018CB1212D5}.Debug|Any CPU.ActiveCfg = Debug|Any CPU
		{ACAACC0B-1911-4850-8E8E-6018CB1212D5}.Debug|Any CPU.Build.0 = Debug|Any CPU
		{ACAACC0B-1911-4850-8E8E-6018CB1212D5}.Release|Any CPU.ActiveCfg = Release|Any CPU
		{ACAACC0B-1911-4850-8E8E-6018CB1212D5}.Release|Any CPU.Build.0 = Release|Any CPU
		{D1BE6398-04D9-4E75-9AC3-01EE92E7685A}.Debug|Any CPU.ActiveCfg = Debug|Any CPU
		{D1BE6398-04D9-4E75-9AC3-01EE92E7685A}.Debug|Any CPU.Build.0 = Debug|Any CPU
		{D1BE6398-04D9-4E75-9AC3-01EE92E7685A}.Release|Any CPU.ActiveCfg = Release|Any CPU
		{D1BE6398-04D9-4E75-9AC3-01EE92E7685A}.Release|Any CPU.Build.0 = Release|Any CPU
		{62A71074-6442-459F-A702-889558BC5EDF}.Debug|Any CPU.ActiveCfg = Debug|Any CPU
		{62A71074-6442-459F-A702-889558BC5EDF}.Debug|Any CPU.Build.0 = Debug|Any CPU
		{62A71074-6442-459F-A702-889558BC5EDF}.Release|Any CPU.ActiveCfg = Release|Any CPU
		{62A71074-6442-459F-A702-889558BC5EDF}.Release|Any CPU.Build.0 = Release|Any CPU
		{54192342-03BC-497C-9304-8B734036412E}.Debug|Any CPU.ActiveCfg = Debug|Any CPU
		{54192342-03BC-497C-9304-8B734036412E}.Debug|Any CPU.Build.0 = Debug|Any CPU
		{54192342-03BC-497C-9304-8B734036412E}.Release|Any CPU.ActiveCfg = Release|Any CPU
		{54192342-03BC-497C-9304-8B734036412E}.Release|Any CPU.Build.0 = Release|Any CPU
	EndGlobalSection
	GlobalSection(SolutionProperties) = preSolution
		HideSolutionNode = FALSE
	EndGlobalSection
	GlobalSection(NestedProjects) = preSolution
		{22B8F6BE-FB32-45A5-9A84-B8E218886509} = {FB692A27-3035-4AD9-B667-DD62D5D998B1}
		{B384B289-5A3B-4169-8971-7713496CF603} = {FB692A27-3035-4AD9-B667-DD62D5D998B1}
		{D1BE6398-04D9-4E75-9AC3-01EE92E7685A} = {B384B289-5A3B-4169-8971-7713496CF603}
		{62A71074-6442-459F-A702-889558BC5EDF} = {FB692A27-3035-4AD9-B667-DD62D5D998B1}
		{54192342-03BC-497C-9304-8B734036412E} = {FB692A27-3035-4AD9-B667-DD62D5D998B1}
	EndGlobalSection
	GlobalSection(ExtensibilityGlobals) = postSolution
		SolutionGuid = {486B1811-A542-4DBA-AE69-AE13B349C177}
	EndGlobalSection
EndGlobal
