
Microsoft Visual Studio Solution File, Format Version 12.00
# Visual Studio Version 18
VisualStudioVersion = 18.0.11205.157
MinimumVisualStudioVersion = 10.0.40219.1
Project("{2150E333-8FDC-42A3-9474-1A3956D46DE8}") = "Accounts", "Accounts", "{FB692A27-3035-4AD9-B667-DD62D5D998B1}"
EndProject
Project("{9A19103F-16F7-4668-BE54-9A1E7A4F7556}") = "MoneyTracker.Accounts.Domain", "Accounts\MoneyTracker.Accounts.Domain\MoneyTracker.Accounts.Domain.csproj", "{22B8F6BE-FB32-45A5-9A84-B8E218886509}"
EndProject
Project("{2150E333-8FDC-42A3-9474-1A3956D46DE8}") = "Tests", "Tests", "{B384B289-5A3B-4169-8971-7713496CF603}"
EndProject
Project("{9A19103F-16F7-4668-BE54-9A1E7A4F7556}") = "MoneyTracker.SharedKernel", "Shared\SharedKernel\MoneyTracker.SharedKernel\MoneyTracker.SharedKernel.csproj", "{ACAACC0B-1911-4850-8E8E-6018CB1212D5}"
EndProject
Project("{9A19103F-16F7-4668-BE54-9A1E7A4F7556}") = "MoneyTracker.Accounts.Tests.UnitTests", "Accounts\Tests\MoneyTracker.Accounts.Tests.UnitTests\MoneyTracker.Accounts.Tests.UnitTests.csproj", "{D1BE6398-04D9-4E75-9AC3-01EE92E7685A}"
EndProject
Project("{FAE04EC0-301F-11D3-BF4B-00C04F79EFBC}") = "MoneyTracker.Accounts.Infrastructure", "Accounts\MoneyTracker.Accounts.Infrastructure\MoneyTracker.Accounts.Infrastructure.csproj", "{62A71074-6442-459F-A702-889558BC5EDF}"
EndProject
Project("{FAE04EC0-301F-11D3-BF4B-00C04F79EFBC}") = "MoneyTracker.Accounts.Application", "Accounts\MoneyTracker.Accounts.Application\MoneyTracker.Accounts.Application.csproj", "{54192342-03BC-497C-9304-8B734036412E}"
EndProject
Project("{2150E333-8FDC-42A3-9474-1A3956D46DE8}") = "Shared", "Shared", "{8129B452-B228-4D1C-8FE6-150441406DAB}"
EndProject
Project("{2150E333-8FDC-42A3-9474-1A3956D46DE8}") = "SharedKernel", "SharedKernel", "{78E350DA-D1E4-4BB7-8FA0-55F14BB3FC91}"
EndProject
Project("{2150E333-8FDC-42A3-9474-1A3956D46DE8}") = "Tests", "Tests", "{194AF9CB-8AAF-43EF-9D5E-F849B95EFBAE}"
EndProject
Project("{FAE04EC0-301F-11D3-BF4B-00C04F79EFBC}") = "MoneyTracker.SharedKernel.Tets.UnitTests", "Shared\SharedKernel\Tests\MoneyTracker.SharedKernel.Tests.UnitTests\MoneyTracker.SharedKernel.Tets.UnitTests.csproj", "{5C502DC4-26AA-3BCC-2DC4-177C9659678F}"
EndProject
Project("{2150E333-8FDC-42A3-9474-1A3956D46DE8}") = "Transactions", "Transactions", "{B0B457DF-CBC9-4824-91C5-B20634D56E33}"
EndProject
Project("{2150E333-8FDC-42A3-9474-1A3956D46DE8}") = "Categories", "Categories", "{78D4A56C-6EF1-4288-9007-1F1013137B65}"
EndProject
Project("{2150E333-8FDC-42A3-9474-1A3956D46DE8}") = "Currencies", "Currencies", "{6CC3C2AF-2EFD-469B-A80C-B1CB07015DCD}"
EndProject
Project("{2150E333-8FDC-42A3-9474-1A3956D46DE8}") = "Tests", "Tests", "{D88CD039-66A8-4AF4-933A-D3E0C6CDF900}"
EndProject
Project("{FAE04EC0-301F-11D3-BF4B-00C04F79EFBC}") = "MoneyTracker.Transactions.Domain", "Transactions\MoneyTracker.Transactions.Domain\MoneyTracker.Transactions.Domain.csproj", "{7F5ABFAF-7061-408F-9131-1E99A5E78C45}"
EndProject
Project("{FAE04EC0-301F-11D3-BF4B-00C04F79EFBC}") = "MoneyTracker.Transactions.Tests.UnitTests", "Transactions\Tests\MoneyTracker.Transactions.Tests.UnitTests\MoneyTracker.Transactions.Tests.UnitTests.csproj", "{902B6E6D-A3AA-4998-BC41-AF760B768EA8}"
EndProject
Project("{2150E333-8FDC-42A3-9474-1A3956D46DE8}") = "Tests", "Tests", "{729A1DCB-361A-4D4E-A1B9-90397A4A1132}"
EndProject
Project("{FAE04EC0-301F-11D3-BF4B-00C04F79EFBC}") = "MoneyTracker.Categories.Tests.UnitTests", "Categories\Tests\MoneyTracker.Categories.Tests.UnitTests\MoneyTracker.Categories.Tests.UnitTests.csproj", "{3945826F-3B33-47A1-8505-CF720E609599}"
EndProject
Project("{FAE04EC0-301F-11D3-BF4B-00C04F79EFBC}") = "MoneyTracker.Categories.Domain", "Categories\MoneyTracker.Categories.Domain\MoneyTracker.Categories.Domain.csproj", "{E45E7CEF-4208-4EC2-A58A-99B6B00DC7BF}"
EndProject
Project("{2150E333-8FDC-42A3-9474-1A3956D46DE8}") = "Tests", "Tests", "{9E4498AA-520C-4973-9A86-F8A640A31227}"
EndProject
Project("{FAE04EC0-301F-11D3-BF4B-00C04F79EFBC}") = "MoneyTracker.Accounts.Contracts", "Accounts\MoneyTracker.Accounts.Contracts\MoneyTracker.Accounts.Contracts.csproj", "{72A52500-DFE9-4882-B53E-4D10F813CCD9}"
EndProject
Global
	GlobalSection(SolutionConfigurationPlatforms) = preSolution
		Debug|Any CPU = Debug|Any CPU
		Release|Any CPU = Release|Any CPU
	EndGlobalSection
	GlobalSection(ProjectConfigurationPlatforms) = postSolution
		{22B8F6BE-FB32-45A5-9A84-B8E218886509}.Debug|Any CPU.ActiveCfg = Debug|Any CPU
		{22B8F6BE-FB32-45A5-9A84-B8E218886509}.Debug|Any CPU.Build.0 = Debug|Any CPU
		{22B8F6BE-FB32-45A5-9A84-B8E218886509}.Release|Any CPU.ActiveCfg = Release|Any CPU
		{22B8F6BE-FB32-45A5-9A84-B8E218886509}.Release|Any CPU.Build.0 = Release|Any CPU
		{ACAACC0B-1911-4850-8E8E-6018CB1212D5}.Debug|Any CPU.ActiveCfg = Debug|Any CPU
		{ACAACC0B-1911-4850-8E8E-6018CB1212D5}.Debug|Any CPU.Build.0 = Debug|Any CPU
		{ACAACC0B-1911-4850-8E8E-6018CB1212D5}.Release|Any CPU.ActiveCfg = Release|Any CPU
		{ACAACC0B-1911-4850-8E8E-6018CB1212D5}.Release|Any CPU.Build.0 = Release|Any CPU
		{D1BE6398-04D9-4E75-9AC3-01EE92E7685A}.Debug|Any CPU.ActiveCfg = Debug|Any CPU
		{D1BE6398-04D9-4E75-9AC3-01EE92E7685A}.Debug|Any CPU.Build.0 = Debug|Any CPU
		{D1BE6398-04D9-4E75-9AC3-01EE92E7685A}.Release|Any CPU.ActiveCfg = Release|Any CPU
		{D1BE6398-04D9-4E75-9AC3-01EE92E7685A}.Release|Any CPU.Build.0 = Release|Any CPU
		{62A71074-6442-459F-A702-889558BC5EDF}.Debug|Any CPU.ActiveCfg = Debug|Any CPU
		{62A71074-6442-459F-A702-889558BC5EDF}.Debug|Any CPU.Build.0 = Debug|Any CPU
		{62A71074-6442-459F-A702-889558BC5EDF}.Release|Any CPU.ActiveCfg = Release|Any CPU
		{62A71074-6442-459F-A702-889558BC5EDF}.Release|Any CPU.Build.0 = Release|Any CPU
		{54192342-03BC-497C-9304-8B734036412E}.Debug|Any CPU.ActiveCfg = Debug|Any CPU
		{54192342-03BC-497C-9304-8B734036412E}.Debug|Any CPU.Build.0 = Debug|Any CPU
		{54192342-03BC-497C-9304-8B734036412E}.Release|Any CPU.ActiveCfg = Release|Any CPU
		{54192342-03BC-497C-9304-8B734036412E}.Release|Any CPU.Build.0 = Release|Any CPU
		{5C502DC4-26AA-3BCC-2DC4-177C9659678F}.Debug|Any CPU.ActiveCfg = Debug|Any CPU
		{5C502DC4-26AA-3BCC-2DC4-177C9659678F}.Debug|Any CPU.Build.0 = Debug|Any CPU
		{5C502DC4-26AA-3BCC-2DC4-177C9659678F}.Release|Any CPU.ActiveCfg = Release|Any CPU
		{5C502DC4-26AA-3BCC-2DC4-177C9659678F}.Release|Any CPU.Build.0 = Release|Any CPU
		{7F5ABFAF-7061-408F-9131-1E99A5E78C45}.Debug|Any CPU.ActiveCfg = Debug|Any CPU
		{7F5ABFAF-7061-408F-9131-1E99A5E78C45}.Debug|Any CPU.Build.0 = Debug|Any CPU
		{7F5ABFAF-7061-408F-9131-1E99A5E78C45}.Release|Any CPU.ActiveCfg = Release|Any CPU
		{7F5ABFAF-7061-408F-9131-1E99A5E78C45}.Release|Any CPU.Build.0 = Release|Any CPU
		{902B6E6D-A3AA-4998-BC41-AF760B768EA8}.Debug|Any CPU.ActiveCfg = Debug|Any CPU
		{902B6E6D-A3AA-4998-BC41-AF760B768EA8}.Debug|Any CPU.Build.0 = Debug|Any CPU
		{902B6E6D-A3AA-4998-BC41-AF760B768EA8}.Release|Any CPU.ActiveCfg = Release|Any CPU
		{902B6E6D-A3AA-4998-BC41-AF760B768EA8}.Release|Any CPU.Build.0 = Release|Any CPU
		{3945826F-3B33-47A1-8505-CF720E609599}.Debug|Any CPU.ActiveCfg = Debug|Any CPU
		{3945826F-3B33-47A1-8505-CF720E609599}.Debug|Any CPU.Build.0 = Debug|Any CPU
		{3945826F-3B33-47A1-8505-CF720E609599}.Release|Any CPU.ActiveCfg = Release|Any CPU
		{3945826F-3B33-47A1-8505-CF720E609599}.Release|Any CPU.Build.0 = Release|Any CPU
		{E45E7CEF-4208-4EC2-A58A-99B6B00DC7BF}.Debug|Any CPU.ActiveCfg = Debug|Any CPU
		{E45E7CEF-4208-4EC2-A58A-99B6B00DC7BF}.Debug|Any CPU.Build.0 = Debug|Any CPU
		{E45E7CEF-4208-4EC2-A58A-99B6B00DC7BF}.Release|Any CPU.ActiveCfg = Release|Any CPU
		{E45E7CEF-4208-4EC2-A58A-99B6B00DC7BF}.Release|Any CPU.Build.0 = Release|Any CPU
		{72A52500-DFE9-4882-B53E-4D10F813CCD9}.Debug|Any CPU.ActiveCfg = Debug|Any CPU
		{72A52500-DFE9-4882-B53E-4D10F813CCD9}.Debug|Any CPU.Build.0 = Debug|Any CPU
		{72A52500-DFE9-4882-B53E-4D10F813CCD9}.Release|Any CPU.ActiveCfg = Release|Any CPU
		{72A52500-DFE9-4882-B53E-4D10F813CCD9}.Release|Any CPU.Build.0 = Release|Any CPU
	EndGlobalSection
	GlobalSection(SolutionProperties) = preSolution
		HideSolutionNode = FALSE
	EndGlobalSection
	GlobalSection(NestedProjects) = preSolution
		{22B8F6BE-FB32-45A5-9A84-B8E218886509} = {FB692A27-3035-4AD9-B667-DD62D5D998B1}
		{B384B289-5A3B-4169-8971-7713496CF603} = {FB692A27-3035-4AD9-B667-DD62D5D998B1}
		{ACAACC0B-1911-4850-8E8E-6018CB1212D5} = {78E350DA-D1E4-4BB7-8FA0-55F14BB3FC91}
		{D1BE6398-04D9-4E75-9AC3-01EE92E7685A} = {B384B289-5A3B-4169-8971-7713496CF603}
		{62A71074-6442-459F-A702-889558BC5EDF} = {FB692A27-3035-4AD9-B667-DD62D5D998B1}
		{54192342-03BC-497C-9304-8B734036412E} = {FB692A27-3035-4AD9-B667-DD62D5D998B1}
		{78E350DA-D1E4-4BB7-8FA0-55F14BB3FC91} = {8129B452-B228-4D1C-8FE6-150441406DAB}
		{194AF9CB-8AAF-43EF-9D5E-F849B95EFBAE} = {78E350DA-D1E4-4BB7-8FA0-55F14BB3FC91}
		{5C502DC4-26AA-3BCC-2DC4-177C9659678F} = {194AF9CB-8AAF-43EF-9D5E-F849B95EFBAE}
		{D88CD039-66A8-4AF4-933A-D3E0C6CDF900} = {B0B457DF-CBC9-4824-91C5-B20634D56E33}
		{7F5ABFAF-7061-408F-9131-1E99A5E78C45} = {B0B457DF-CBC9-4824-91C5-B20634D56E33}
		{902B6E6D-A3AA-4998-BC41-AF760B768EA8} = {D88CD039-66A8-4AF4-933A-D3E0C6CDF900}
		{729A1DCB-361A-4D4E-A1B9-90397A4A1132} = {78D4A56C-6EF1-4288-9007-1F1013137B65}
		{3945826F-3B33-47A1-8505-CF720E609599} = {729A1DCB-361A-4D4E-A1B9-90397A4A1132}
		{E45E7CEF-4208-4EC2-A58A-99B6B00DC7BF} = {78D4A56C-6EF1-4288-9007-1F1013137B65}
		{9E4498AA-520C-4973-9A86-F8A640A31227} = {6CC3C2AF-2EFD-469B-A80C-B1CB07015DCD}
		{72A52500-DFE9-4882-B53E-4D10F813CCD9} = {FB692A27-3035-4AD9-B667-DD62D5D998B1}
	EndGlobalSection
	GlobalSection(ExtensibilityGlobals) = postSolution
		SolutionGuid = {486B1811-A542-4DBA-AE69-AE13B349C177}
	EndGlobalSection
EndGlobal
